version = 1
revision = 3
requires-python = ">=3.8"
resolution-markers = [
    "python_full_version >= '3.9'",
    "python_full_version < '3.9'",
]

[[package]]
name = "altgraph"
version = "0.17.5"
source = { registry = "https://pypi.org/simple" }
sdist = { url = "https://files.pythonhosted.org/packages/7e/f8/97fdf103f38fed6792a1601dbc16cc8aac56e7459a9fff08c812d8ae177a/altgraph-0.17.5.tar.gz", hash = "sha256:c87b395dd12fabde9c99573a9749d67da8d29ef9de0125c7f536699b4a9bc9e7", size = 48428, upload-time = "2025-11-21T20:35:50.583Z" }
wheels = [
    { url = "https://files.pythonhosted.org/packages/a9/ba/000a1996d4308bc65120167c21241a3b205464a2e0b58deda26ae8ac21d1/altgraph-0.17.5-py2.py3-none-any.whl", hash = "sha256:f3a22400bce1b0c701683820ac4f3b159cd301acab067c51c653e06961600597", size = 21228, upload-time = "2025-11-21T20:35:49.444Z" },
]

[[package]]
name = "importlib-metadata"
version = "8.5.0"
source = { registry = "https://pypi.org/simple" }
resolution-markers = [
    "python_full_version < '3.9'",
]
dependencies = [
    { name = "zipp", version = "3.20.2", source = { registry = "https://pypi.org/simple" }, marker = "python_full_version < '3.9'" },
]
sdist = { url = "https://files.pythonhosted.org/packages/cd/12/33e59336dca5be0c398a7482335911a33aa0e20776128f038019f1a95f1b/importlib_metadata-8.5.0.tar.gz", hash = "sha256:71522656f0abace1d072b9e5481a48f07c138e00f079c38c8f883823f9c26bd7", size = 55304, upload-time = "2024-09-11T14:56:08.937Z" }
wheels = [
    { url = "https://files.pythonhosted.org/packages/a0/d9/a1e041c5e7caa9a05c925f4bdbdfb7f006d1f74996af53467bc394c97be7/importlib_metadata-8.5.0-py3-none-any.whl", hash = "sha256:45e54197d28b7a7f1559e60b95e7c567032b602131fbd588f1497f47880aa68b", size = 26514, upload-time = "2024-09-11T14:56:07.019Z" },
]

[[package]]
name = "importlib-metadata"
version = "8.7.1"
source = { registry = "https://pypi.org/simple" }
resolution-markers = [
    "python_full_version >= '3.9'",
]
dependencies = [
    { name = "zipp", version = "3.23.0", source = { registry = "https://pypi.org/simple" }, marker = "python_full_version >= '3.9'" },
]
sdist = { url = "https://files.pythonhosted.org/packages/f3/49/3b30cad09e7771a4982d9975a8cbf64f00d4a1ececb53297f1d9a7be1b10/importlib_metadata-8.7.1.tar.gz", hash = "sha256:49fef1ae6440c182052f407c8d34a68f72efc36db9ca90dc0113398f2fdde8bb", size = 57107, upload-time = "2025-12-21T10:00:19.278Z" }
wheels = [
    { url = "https://files.pythonhosted.org/packages/fa/5e/f8e9a1d23b9c20a551a8a02ea3637b4642e22c2626e3a13a9a29cdea99eb/importlib_metadata-8.7.1-py3-none-any.whl", hash = "sha256:5a1f80bf1daa489495071efbb095d75a634cf28a8bc299581244063b53176151", size = 27865, upload-time = "2025-12-21T10:00:18.329Z" },
]

[[package]]
name = "macholib"
version = "1.16.4"
source = { registry = "https://pypi.org/simple" }
dependencies = [
    { name = "altgraph" },
]
sdist = { url = "https://files.pythonhosted.org/packages/10/2f/97589876ea967487978071c9042518d28b958d87b17dceb7cdc1d881f963/macholib-1.16.4.tar.gz", hash = "sha256:f408c93ab2e995cd2c46e34fe328b130404be143469e41bc366c807448979362", size = 59427, upload-time = "2025-11-22T08:28:38.373Z" }
wheels = [
    { url = "https://files.pythonhosted.org/packages/c7/d1/a9f36f8ecdf0fb7c9b1e78c8d7af12b8c8754e74851ac7b94a8305540fc7/macholib-1.16.4-py2.py3-none-any.whl", hash = "sha256:da1a3fa8266e30f0ce7e97c6a54eefaae8edd1e5f86f3eb8b95457cae90265ea", size = 38117, upload-time = "2025-11-22T08:28:36.939Z" },
]

[[package]]
name = "offline-ota-image-builder"
version = "1.0.0"
source = { editable = "." }

[package.dev-dependencies]
dev = [
    { name = "pyinstaller" },
    { name = "ruff" },
]

[package.metadata]

[package.metadata.requires-dev]
dev = [
    { name = "pyinstaller", specifier = ">=6,<7" },
    { name = "ruff", specifier = ">=0.14,<1" },
]

[[package]]
name = "packaging"
version = "26.0"
source = { registry = "https://pypi.org/simple" }
sdist = { url = "https://files.pythonhosted.org/packages/65/ee/299d360cdc32edc7d2cf530f3accf79c4fca01e96ffc950d8a52213bd8e4/packaging-26.0.tar.gz", hash = "sha256:00243ae351a257117b6a241061796684b084ed1c516a08c48a3f7e147a9d80b4", size = 143416, upload-time = "2026-01-21T20:50:39.064Z" }
wheels = [
    { url = "https://files.pythonhosted.org/packages/b7/b9/c538f279a4e237a006a2c98387d081e9eb060d203d8ed34467cc0f0b9b53/packaging-26.0-py3-none-any.whl", hash = "sha256:b36f1fef9334a5588b4166f8bcd26a14e521f2b55e6b9de3aaa80d3ff7a37529", size = 74366, upload-time = "2026-01-21T20:50:37.788Z" },
]

[[package]]
name = "pefile"
version = "2024.8.26"
source = { registry = "https://pypi.org/simple" }
sdist = { url = "https://files.pythonhosted.org/packages/03/4f/2750f7f6f025a1507cd3b7218691671eecfd0bbebebe8b39aa0fe1d360b8/pefile-2024.8.26.tar.gz", hash = "sha256:3ff6c5d8b43e8c37bb6e6dd5085658d658a7a0bdcd20b6a07b1fcfc1c4e9d632", size = 76008, upload-time = "2024-08-26T20:58:38.155Z" }
wheels = [
    { url = "https://files.pythonhosted.org/packages/54/16/12b82f791c7f50ddec566873d5bdd245baa1491bac11d15ffb98aecc8f8b/pefile-2024.8.26-py3-none-any.whl", hash = "sha256:76f8b485dcd3b1bb8166f1128d395fa3d87af26360c2358fb75b80019b957c6f", size = 74766, upload-time = "2024-08-26T21:01:02.632Z" },
]

[[package]]
name = "pyinstaller"
version = "6.19.0"
source = { registry = "https://pypi.org/simple" }
dependencies = [
    { name = "altgraph" },
    { name = "importlib-metadata", version = "8.5.0", source = { registry = "https://pypi.org/simple" }, marker = "python_full_version < '3.9'" },
    { name = "importlib-metadata", version = "8.7.1", source = { registry = "https://pypi.org/simple" }, marker = "python_full_version == '3.9.*'" },
    { name = "macholib", marker = "sys_platform == 'darwin'" },
    { name = "packaging" },
    { name = "pefile", marker = "sys_platform == 'win32'" },
    { name = "pyinstaller-hooks-contrib" },
    { name = "pywin32-ctypes", marker = "sys_platform == 'win32'" },
    { name = "setuptools", version = "75.3.4", source = { registry = "https://pypi.org/simple" }, marker = "python_full_version < '3.9'" },
    { name = "setuptools", version = "82.0.1", source = { registry = "https://pypi.org/simple" }, marker = "python_full_version >= '3.9'" },
]
sdist = { url = "https://files.pythonhosted.org/packages/c8/63/fd62472b6371d89dc138d40c36d87a50dc2de18a035803bbdc376b4ffac4/pyinstaller-6.19.0.tar.gz", hash = "sha256:ec73aeb8bd9b7f2f1240d328a4542e90b3c6e6fbc106014778431c616592a865", size = 4036072, upload-time = "2026-02-14T18:06:28.718Z" }
wheels = [
    { url = "https://files.pythonhosted.org/packages/e3/eb/23374721fecfa72677e79800921cb6aceefa6ba48574dc404f3f6c6c3be7/pyinstaller-6.19.0-py3-none-macosx_10_13_universal2.whl", hash = "sha256:4190e76b74f0c4b5c5f11ac360928cd2e36ec8e3194d437bf6b8648c7bc0c134", size = 1040563, upload-time = "2026-02-14T18:05:22.436Z" },
    { url = "https://files.pythonhosted.org/packages/cd/7e/dfd724b0b533f5aaec0ee5df406fe2319987ed6964480a706f85478b12ea/pyinstaller-6.19.0-py3-none-manylinux2014_aarch64.whl", hash = "sha256:8bd68abd812d8a6ba33b9f1810e91fee0f325969733721b78151f0065319ca11", size = 735477, upload-time = "2026-02-14T18:05:27.143Z" },
    { url = "https://files.pythonhosted.org/packages/88/c9/ee3a4101c31f26344e66896c73c1fd6ed8282bf871473365b7f8674af406/pyinstaller-6.19.0-py3-none-manylinux2014_i686.whl", hash = "sha256:1ec54ef967996ca61dacba676227e2b23219878ccce5ee9d6f3aada7b8ed8abf", size = 747143, upload-time = "2026-02-14T18:05:31.488Z" },
    { url = "https://files.pythonhosted.org/packages/da/0a/fc77e9f861be8cf300ac37155f59cc92aff99b29f2ddd78546f563a5b5a6/pyinstaller-6.19.0-py3-none-manylinux2014_ppc64le.whl", hash = "sha256:4ab2bb52e58448e14ddf9450601bdedd66800465043501c1d8f1cab87b60b122", size = 744849, upload-time = "2026-02-14T18:05:35.492Z" },
    { url = "https://files.pythonhosted.org/packages/6d/e3/6872e020ee758afe0b821663858492c10745608b07150e5e2c824a5b3e1c/pyinstaller-6.19.0-py3-none-manylinux2014_s390x.whl", hash = "sha256:da6d5c6391ccefe73554b9fa29b86001c8e378e0f20c2a4004f836ba537eff63", size = 741590, upload-time = "2026-02-14T18:05:39.59Z" },
    { url = "https://files.pythonhosted.org/packages/53/60/b8db5f1a4b0fb228175f2ea0aa33f949adcc097fbe981cc524f9faf85777/pyinstaller-6.19.0-py3-none-manylinux2014_x86_64.whl", hash = "sha256:a0fc5f6b3c55aa54353f0c74ffa59b1115433c1850c6f655d62b461a2ed6cbbe", size = 741448, upload-time = "2026-02-14T18:05:45.636Z" },
    { url = "https://files.pythonhosted.org/packages/6f/4d/63b0600f2694e9141b83129fbc1c488ec84d5a0770b1448ec154dcd0fee9/pyinstaller-6.19.0-py3-none-musllinux_1_1_aarch64.whl", hash = "sha256:e649ba6bd1b0b89b210ad92adb5fbdc8a42dd2c5ca4f72ef3a0bfec83a424b83", size = 740613, upload-time = "2026-02-14T18:05:49.726Z" },
    { url = "https://files.pythonhosted.org/packages/01/d4/e812ad36178093a0e9fd4b8127577748dd85b0cb71de912229dca21fd741/pyinstaller-6.19.0-py3-none-musllinux_1_1_x86_64.whl", hash = "sha256:481a909c8e60c8692fc60fcb1344d984b44b943f8bc9682f2fcdae305ad297e6", size = 740350, upload-time = "2026-02-14T18:05:54.093Z" },
    { url = "https://files.pythonhosted.org/packages/52/03/b2c2ee41fb8e10fd2a45d21f5ec2ef25852cfb978dbf762972eed59e3d63/pyinstaller-6.19.0-py3-none-win32.whl", hash = "sha256:3c5c251054fe4cfaa04c34a363dcfbf811545438cb7198304cd444756bc2edd2", size = 1324317, upload-time = "2026-02-14T18:06:00.085Z" },
    { url = "https://files.pythonhosted.org/packages/9c/d3/6d5e62b8270e2b53a6065e281b3a7785079b00e9019c8019952828dd1669/pyinstaller-6.19.0-py3-none-win_amd64.whl", hash = "sha256:b5bb6536c6560330d364d91522250f254b107cf69129d9cbcd0e6727c570be33", size = 1384894, upload-time = "2026-02-14T18:06:06.425Z" },
    { url = "https://files.pythonhosted.org/packages/81/65/458cd523308a101a22fd2742893405030cc24994cc74b1b767cecf137160/pyinstaller-6.19.0-py3-none-win_arm64.whl", hash = "sha256:c2d5a539b0bfe6159d5522c8c70e1c0e487f22c2badae0f97d45246223b798ea", size = 1325374, upload-time = "2026-02-14T18:06:12.804Z" },
]

[[package]]
name = "pyinstaller-hooks-contrib"
version = "2026.3"
source = { registry = "https://pypi.org/simple" }
dependencies = [
    { name = "importlib-metadata", version = "8.5.0", source = { registry = "https://pypi.org/simple" }, marker = "python_full_version < '3.9'" },
    { name = "importlib-metadata", version = "8.7.1", source = { registry = "https://pypi.org/simple" }, marker = "python_full_version == '3.9.*'" },
    { name = "packaging" },
    { name = "setuptools", version = "75.3.4", source = { registry = "https://pypi.org/simple" }, marker = "python_full_version < '3.9'" },
    { name = "setuptools", version = "82.0.1", source = { registry = "https://pypi.org/simple" }, marker = "python_full_version >= '3.9'" },
]
sdist = { url = "https://files.pythonhosted.org/packages/80/17/716326f6ba18d0663f7995ae369c23e50efebc22fbb054e9710a45688f61/pyinstaller_hooks_contrib-2026.3.tar.gz", hash = "sha256:800d3a198a49a6cd0de2d7fb795005fdca7a0222ed9cb47c0691abd1c27b9310", size = 172323, upload-time = "2026-03-09T22:44:06.345Z" }
wheels = [
    { url = "https://files.pythonhosted.org/packages/ed/19/781352446af28755f16ce52b2d97f7a6f2d7974ac34c00ca5cd8c40c9098/pyinstaller_hooks_contrib-2026.3-py3-none-any.whl", hash = "sha256:5ecd1068ad262afecadf07556279d2be52ca93a88b049fae17f1a2eb2969254a", size = 454625, upload-time = "2026-03-09T22:44:04.717Z" },
]

[[package]]
name = "pywin32-ctypes"
version = "0.2.3"
source = { registry = "https://pypi.org/simple" }
sdist = { url = "https://files.pythonhosted.org/packages/85/9f/01a1a99704853cb63f253eea009390c88e7131c67e66a0a02099a8c917cb/pywin32-ctypes-0.2.3.tar.gz", hash = "sha256:d162dc04946d704503b2edc4d55f3dba5c1d539ead017afa00142c38b9885755", size = 29471, upload-time = "2024-08-14T10:15:34.626Z" }
wheels = [
    { url = "https://files.pythonhosted.org/packages/de/3d/8161f7711c017e01ac9f008dfddd9410dff3674334c233bde66e7ba65bbf/pywin32_ctypes-0.2.3-py3-none-any.whl", hash = "sha256:8a1513379d709975552d202d942d9837758905c8d01eb82b8bcc30918929e7b8", size = 30756, upload-time = "2024-08-14T10:15:33.187Z" },
]

[[package]]
name = "ruff"
version = "0.15.6"
source = { registry = "https://pypi.org/simple" }
sdist = { url = "https://files.pythonhosted.org/packages/51/df/f8629c19c5318601d3121e230f74cbee7a3732339c52b21daa2b82ef9c7d/ruff-0.15.6.tar.gz", hash = "sha256:8394c7bb153a4e3811a4ecdacd4a8e6a4fa8097028119160dffecdcdf9b56ae4", size = 4597916, upload-time = "2026-03-12T23:05:47.51Z" }
wheels = [
    { url = "https://files.pythonhosted.org/packages/9e/2f/4e03a7e5ce99b517e98d3b4951f411de2b0fa8348d39cf446671adcce9a2/ruff-0.15.6-py3-none-linux_armv6l.whl", hash = "sha256:7c98c3b16407b2cf3d0f2b80c80187384bc92c6774d85fefa913ecd941256fff", size = 10508953, upload-time = "2026-03-12T23:05:17.246Z" },
    { url = "https://files.pythonhosted.org/packages/70/60/55bcdc3e9f80bcf39edf0cd272da6fa511a3d94d5a0dd9e0adf76ceebdb4/ruff-0.15.6-py3-none-macosx_10_12_x86_64.whl", hash = "sha256:ee7dcfaad8b282a284df4aa6ddc2741b3f4a18b0555d626805555a820ea181c3", size = 10942257, upload-time = "2026-03-12T23:05:23.076Z" },
    { url = "https://files.pythonhosted.org/packages/e7/f9/005c29bd1726c0f492bfa215e95154cf480574140cb5f867c797c18c790b/ruff-0.15.6-py3-none-macosx_11_0_arm64.whl", hash = "sha256:3bd9967851a25f038fc8b9ae88a7fbd1b609f30349231dffaa37b6804923c4bb", size = 10322683, upload-time = "2026-03-12T23:05:33.738Z" },
    { url = "https://files.pythonhosted.org/packages/5f/74/2f861f5fd7cbb2146bddb5501450300ce41562da36d21868c69b7a828169/ruff-0.15.6-py3-none-manylinux_2_17_aarch64.manylinux2014_aarch64.whl", hash = "sha256:13f4594b04e42cd24a41da653886b04d2ff87adbf57497ed4f728b0e8a4866f8", size = 10660986, upload-time = "2026-03-12T23:05:53.245Z" },
    { url = "https://files.pythonhosted.org/packages/c1/a1/309f2364a424eccb763cdafc49df843c282609f47fe53aa83f38272389e0/ruff-0.15.6-py3-none-manylinux_2_17_armv7l.manylinux2014_armv7l.whl", hash = "sha256:e2ed8aea2f3fe57886d3f00ea5b8aae5bf68d5e195f487f037a955ff9fbaac9e", size = 10332177, upload-time = "2026-03-12T23:05:56.145Z" },
    { url = "https://files.pythonhosted.org/packages/30/41/7ebf1d32658b4bab20f8ac80972fb19cd4e2c6b78552be263a680edc55ac/ruff-0.15.6-py3-none-manylinux_2_17_i686.manylinux2014_i686.whl", hash = "sha256:70789d3e7830b848b548aae96766431c0dc01a6c78c13381f423bf7076c66d15", size = 11170783, upload-time = "2026-03-12T23:06:01.742Z" },
    { url = "https://files.pythonhosted.org/packages/76/be/6d488f6adca047df82cd62c304638bcb00821c36bd4881cfca221561fdfc/ruff-0.15.6-py3-none-manylinux_2_17_ppc64le.manylinux2014_ppc64le.whl", hash = "sha256:542aaf1de3154cea088ced5a819ce872611256ffe2498e750bbae5247a8114e9", size = 12044201, upload-time = "2026-03-12T23:05:28.697Z" },
    { url = "https://files.pythonhosted.org/packages/71/68/e6f125df4af7e6d0b498f8d373274794bc5156b324e8ab4bf5c1b4fc0ec7/ruff-0.15.6-py3-none-manylinux_2_17_s390x.manylinux2014_s390x.whl", hash = "sha256:1c22e6f02c16cfac3888aa636e9eba857254d15bbacc9906c9689fdecb1953ab", size = 11421561, upload-time = "2026-03-12T23:05:31.236Z" },
    { url = "https://files.pythonhosted.org/packages/f1/9f/f85ef5fd01a52e0b472b26dc1b4bd228b8f6f0435975442ffa4741278703/ruff-0.15.6-py3-none-manylinux_2_17_x86_64.manylinux2014_x86_64.whl", hash = "sha256:98893c4c0aadc8e448cfa315bd0cc343a5323d740fe5f28ef8a3f9e21b381f7e", size = 11310928, upload-time = "2026-03-12T23:05:45.288Z" },
    { url = "https://files.pythonhosted.org/packages/8c/26/b75f8c421f5654304b89471ed384ae8c7f42b4dff58fa6ce1626d7f2b59a/ruff-0.15.6-py3-none-manylinux_2_31_riscv64.whl", hash = "sha256:70d263770d234912374493e8cc1e7385c5d49376e41dfa51c5c3453169dc581c", size = 11235186, upload-time = "2026-03-12T23:05:50.677Z" },
    { url = "https://files.pythonhosted.org/packages/fc/d4/d5a6d065962ff7a68a86c9b4f5500f7d101a0792078de636526c0edd40da/ruff-0.15.6-py3-none-musllinux_1_2_aarch64.whl", hash = "sha256:55a1ad63c5a6e54b1f21b7514dfadc0c7fb40093fa22e95143cf3f64ebdcd512", size = 10635231, upload-time = "2026-03-12T23:05:37.044Z" },
    { url = "https://files.pythonhosted.org/packages/d6/56/7c3acf3d50910375349016cf33de24be021532042afbed87942858992491/ruff-0.15.6-py3-none-musllinux_1_2_armv7l.whl", hash = "sha256:8dc473ba093c5ec238bb1e7429ee676dca24643c471e11fbaa8a857925b061c0", size = 10340357, upload-time = "2026-03-12T23:06:04.748Z" },
    { url = "https://files.pythonhosted.org/packages/06/54/6faa39e9c1033ff6a3b6e76b5df536931cd30caf64988e112bbf91ef5ce5/ruff-0.15.6-py3-none-musllinux_1_2_i686.whl", hash = "sha256:85b042377c2a5561131767974617006f99f7e13c63c111b998f29fc1e58a4cfb", size = 10860583, upload-time = "2026-03-12T23:05:58.978Z" },
    { url = "https://files.pythonhosted.org/packages/cb/1e/509a201b843b4dfb0b32acdedf68d951d3377988cae43949ba4c4133a96a/ruff-0.15.6-py3-none-musllinux_1_2_x86_64.whl", hash = "sha256:cef49e30bc5a86a6a92098a7fbf6e467a234d90b63305d6f3ec01225a9d092e0", size = 11410976, upload-time = "2026-03-12T23:05:39.955Z" },
    { url = "https://files.pythonhosted.org/packages/6c/25/3fc9114abf979a41673ce877c08016f8e660ad6cf508c3957f537d2e9fa9/ruff-0.15.6-py3-none-win32.whl", hash = "sha256:bbf67d39832404812a2d23020dda68fee7f18ce15654e96fb1d3ad21a5fe436c", size = 10616872, upload-time = "2026-03-12T23:05:42.451Z" },
    { url = "https://files.pythonhosted.org/packages/89/7a/09ece68445ceac348df06e08bf75db72d0e8427765b96c9c0ffabc1be1d9/ruff-0.15.6-py3-none-win_amd64.whl", hash = "sha256:aee25bc84c2f1007ecb5037dff75cef00414fdf17c23f07dc13e577883dca406", size = 11787271, upload-time = "2026-03-12T23:05:20.168Z" },
    { url = "https://files.pythonhosted.org/packages/7f/d0/578c47dd68152ddddddf31cd7fc67dc30b7cdf639a86275fda821b0d9d98/ruff-0.15.6-py3-none-win_arm64.whl", hash = "sha256:c34de3dd0b0ba203be50ae70f5910b17188556630e2178fd7d79fc030eb0d837", size = 11060497, upload-time = "2026-03-12T23:05:25.968Z" },
]

[[package]]
name = "setuptools"
version = "75.3.4"
source = { registry = "https://pypi.org/simple" }
resolution-markers = [
    "python_full_version < '3.9'",
]
sdist = { url = "https://files.pythonhosted.org/packages/0e/93/d2622cbf262418995140dfc1ddb890badd6322893fa122302577c82b9617/setuptools-75.3.4.tar.gz", hash = "sha256:b4ea3f76e1633c4d2d422a5d68ab35fd35402ad71e6acaa5d7e5956eb47e8887", size = 1354595, upload-time = "2026-02-08T14:12:34.287Z" }
wheels = [
    { url = "https://files.pythonhosted.org/packages/cd/b1/961ba076c7d3732e3a97e6681c55ef647afb795fe8bfcd27becec8a762ce/setuptools-75.3.4-py3-none-any.whl", hash = "sha256:2dd50a7f42dddfa1d02a36f275dbe716f38ed250224f609d35fb60a09593d93e", size = 1251633, upload-time = "2026-02-08T14:12:32.364Z" },
]

[[package]]
name = "setuptools"
version = "82.0.1"
source = { registry = "https://pypi.org/simple" }
resolution-markers = [
    "python_full_version >= '3.9'",
]
sdist = { url = "https://files.pythonhosted.org/packages/4f/db/cfac1baf10650ab4d1c111714410d2fbb77ac5a616db26775db562c8fab2/setuptools-82.0.1.tar.gz", hash = "sha256:7d872682c5d01cfde07da7bccc7b65469d3dca203318515ada1de5eda35efbf9", size = 1152316, upload-time = "2026-03-09T12:47:17.221Z" }
wheels = [
    { url = "https://files.pythonhosted.org/packages/9d/76/f789f7a86709c6b087c5a2f52f911838cad707cc613162401badc665acfe/setuptools-82.0.1-py3-none-any.whl", hash = "sha256:a59e362652f08dcd477c78bb6e7bd9d80a7995bc73ce773050228a348ce2e5bb", size = 1006223, upload-time = "2026-03-09T12:47:15.026Z" },
]

[[package]]
name = "zipp"
version = "3.20.2"
source = { registry = "https://pypi.org/simple" }
resolution-markers = [
    "python_full_version < '3.9'",
]
sdist = { url = "https://files.pythonhosted.org/packages/54/bf/5c0000c44ebc80123ecbdddba1f5dcd94a5ada602a9c225d84b5aaa55e86/zipp-3.20.2.tar.gz", hash = "sha256:bc9eb26f4506fda01b81bcde0ca78103b6e62f991b381fec825435c836edbc29", size = 24199, upload-time = "2024-09-13T13:44:16.101Z" }
wheels = [
    { url = "https://files.pythonhosted.org/packages/62/8b/5ba542fa83c90e09eac972fc9baca7a88e7e7ca4b221a89251954019308b/zipp-3.20.2-py3-none-any.whl", hash = "sha256:a817ac80d6cf4b23bf7f2828b7cabf326f15a001bea8b1f9b49631780ba28350", size = 9200, upload-time = "2024-09-13T13:44:14.38Z" },
]

[[package]]
name = "zipp"
version = "3.23.0"
source = { registry = "https://pypi.org/simple" }
resolution-markers = [
    "python_full_version >= '3.9'",
]
sdist = { url = "https://files.pythonhosted.org/packages/e3/02/0f2892c661036d50ede074e376733dca2ae7c6eb617489437771209d4180/zipp-3.23.0.tar.gz", hash = "sha256:a07157588a12518c9d4034df3fbbee09c814741a33ff63c05fa29d26a2404166", size = 25547, upload-time = "2025-06-08T17:06:39.4Z" }
wheels = [
    { url = "https://files.pythonhosted.org/packages/2e/54/647ade08bf0db230bfea292f893923872fd20be6ac6f53b2b936ba839d75/zipp-3.23.0-py3-none-any.whl", hash = "sha256:071652d6115ed432f5ce1d34c336c0adfd6a884660d1e9712a256d3d3bd4b14e", size = 10276, upload-time = "2025-06-08T17:06:38.034Z" },
]
